
Microsoft Visual Studio Solution File, Format Version 12.00
# Visual Studio 2012
Project("{FAE04EC0-301F-11D3-BF4B-00C04F79EFBC}") = "shooter", "shooter\shooter.csproj", "{86D70968-0B76-4A40-96E6-40E9A1E3E832}"
EndProject
Project("{2150E333-8FDC-42A3-9474-1A3956D46DE8}") = "Solution Items", "Solution Items", "{B55A5C8B-46D3-44C6-9F10-7BF554CADA77}"
EndProject
Global
	GlobalSection(SolutionConfigurationPlatforms) = preSolution
		Debug|Any CPU = Debug|Any CPU
		Release|Any CPU = Release|Any CPU
	EndGlobalSection
	GlobalSection(ProjectConfigurationPlatforms) = postSolution
		{86D70968-0B76-4A40-96E6-40E9A1E3E832}.Debug|Any CPU.ActiveCfg = Debug|Any CPU
		{86D70968-0B76-4A40-96E6-40E9A1E3E832}.Debug|Any CPU.Build.0 = Debug|Any CPU
		{86D70968-0B76-4A40-96E6-40E9A1E3E832}.Release|Any CPU.ActiveCfg = Release|Any CPU
		{86D70968-0B76-4A40-96E6-40E9A1E3E832}.Release|Any CPU.Build.0 = Release|Any CPU
	EndGlobalSection
	GlobalSection(SolutionProperties) = preSolution
		HideSolutionNode = FALSE
	EndGlobalSection
	GlobalSection(Performance) = preSolution
		HasPerformanceSessions = true
	EndGlobalSection
EndGlobal
